{
  "object": {
    "pins": [
      {
        "package": "Core",
        "repositoryURL": "https://github.com/persiogv/Core",
        "state": {
          "branch": null,
          "revision": "d8951c517be6c15c3e90f5590dea1c4246959756",
          "version": "1.0.0"
        }
      },
      {
        "package": "CoreNetworking",
        "repositoryURL": "https://github.com/persiogv/CoreNetworking",
        "state": {
          "branch": null,
          "revision": "f06adadcd3906775d218c82f1ef7b268390e32f4",
          "version": "1.0.0"
        }
      }
    ]
  },
  "version": 1
}
